
Microsoft Visual Studio Solution File, Format Version 12.00
# Visual Studio Version 16
VisualStudioVersion = 16.0.30204.135
MinimumVisualStudioVersion = 10.0.40219.1
Project("{FAE04EC0-301F-11D3-BF4B-00C04F79EFBC}") = "시각화", "시각화\시각화.csproj", "{ABDC16E3-9B39-436E-8355-998B9908F385}"
EndProject
Global
	GlobalSection(SolutionConfigurationPlatforms) = preSolution
		Debug|Any CPU = Debug|Any CPU
		Release|Any CPU = Release|Any CPU
	EndGlobalSection
	GlobalSection(ProjectConfigurationPlatforms) = postSolution
		{ABDC16E3-9B39-436E-8355-998B9908F385}.Debug|Any CPU.ActiveCfg = Debug|Any CPU
		{ABDC16E3-9B39-436E-8355-998B9908F385}.Debug|Any CPU.Build.0 = Debug|Any CPU
		{ABDC16E3-9B39-436E-8355-998B9908F385}.Release|Any CPU.ActiveCfg = Release|Any CPU
		{ABDC16E3-9B39-436E-8355-998B9908F385}.Release|Any CPU.Build.0 = Release|Any CPU
	EndGlobalSection
	GlobalSection(SolutionProperties) = preSolution
		HideSolutionNode = FALSE
	EndGlobalSection
	GlobalSection(ExtensibilityGlobals) = postSolution
		SolutionGuid = {BA46153F-9657-4CAD-854D-08A87ADB8D43}
	EndGlobalSection
EndGlobal
